
Microsoft Visual Studio Solution File, Format Version 12.00
# Visual Studio 15
VisualStudioVersion = 15.0.28307.136
MinimumVisualStudioVersion = 10.0.40219.1
Project("{FAE04EC0-301F-11D3-BF4B-00C04F79EFBC}") = "IvitRooms", "IvitRooms\IvitRooms.csproj", "{B5B787A8-5F24-4618-A5AE-66B3A3E624CE}"
EndProject
Project("{2150E333-8FDC-42A3-9474-1A3956D46DE8}") = "Solution Items", "Solution Items", "{1F0141FF-4B67-4483-994F-322A0005CAE5}"
	ProjectSection(SolutionItems) = preProject
		JConfig.json = JConfig.json
	EndProjectSection
EndProject
Global
	GlobalSection(SolutionConfigurationPlatforms) = preSolution
		Debug|Any CPU = Debug|Any CPU
		Release|Any CPU = Release|Any CPU
	EndGlobalSection
	GlobalSection(ProjectConfigurationPlatforms) = postSolution
		{B5B787A8-5F24-4618-A5AE-66B3A3E624CE}.Debug|Any CPU.ActiveCfg = Debug|Any CPU
		{B5B787A8-5F24-4618-A5AE-66B3A3E624CE}.Debug|Any CPU.Build.0 = Debug|Any CPU
		{B5B787A8-5F24-4618-A5AE-66B3A3E624CE}.Release|Any CPU.ActiveCfg = Release|Any CPU
		{B5B787A8-5F24-4618-A5AE-66B3A3E624CE}.Release|Any CPU.Build.0 = Release|Any CPU
	EndGlobalSection
	GlobalSection(SolutionProperties) = preSolution
		HideSolutionNode = FALSE
	EndGlobalSection
	GlobalSection(ExtensibilityGlobals) = postSolution
		SolutionGuid = {8A51D2A0-EB2E-45D5-9CB1-B5C617758417}
	EndGlobalSection
EndGlobal
